
Microsoft Visual Studio Solution File, Format Version 12.00
# Visual Studio Version 16
VisualStudioVersion = 16.0.29905.134
MinimumVisualStudioVersion = 10.0.40219.1
Project("{FAE04EC0-301F-11D3-BF4B-00C04F79EFBC}") = "ArrayDemo", "ArrayDemo\ArrayDemo.csproj", "{A3910A4D-342F-445A-8BC6-5B4D5F6AE962}"
EndProject
Global
	GlobalSection(SolutionConfigurationPlatforms) = preSolution
		Debug|Any CPU = Debug|Any CPU
		Release|Any CPU = Release|Any CPU
	EndGlobalSection
	GlobalSection(ProjectConfigurationPlatforms) = postSolution
		{A3910A4D-342F-445A-8BC6-5B4D5F6AE962}.Debug|Any CPU.ActiveCfg = Debug|Any CPU
		{A3910A4D-342F-445A-8BC6-5B4D5F6AE962}.Debug|Any CPU.Build.0 = Debug|Any CPU
		{A3910A4D-342F-445A-8BC6-5B4D5F6AE962}.Release|Any CPU.ActiveCfg = Release|Any CPU
		{A3910A4D-342F-445A-8BC6-5B4D5F6AE962}.Release|Any CPU.Build.0 = Release|Any CPU
	EndGlobalSection
	GlobalSection(SolutionProperties) = preSolution
		HideSolutionNode = FALSE
	EndGlobalSection
	GlobalSection(ExtensibilityGlobals) = postSolution
		SolutionGuid = {907ED235-48D3-41B1-9FD8-899494B80F68}
	EndGlobalSection
EndGlobal
