
Microsoft Visual Studio Solution File, Format Version 12.00
# Visual Studio Version 16
VisualStudioVersion = 16.0.29905.134
MinimumVisualStudioVersion = 10.0.40219.1
Project("{FAE04EC0-301F-11D3-BF4B-00C04F79EFBC}") = "eventDemo", "eventDemo\eventDemo.csproj", "{4427BAFD-94C9-4606-9519-EDFBEE32A5D1}"
EndProject
Global
	GlobalSection(SolutionConfigurationPlatforms) = preSolution
		Debug|Any CPU = Debug|Any CPU
		Release|Any CPU = Release|Any CPU
	EndGlobalSection
	GlobalSection(ProjectConfigurationPlatforms) = postSolution
		{4427BAFD-94C9-4606-9519-EDFBEE32A5D1}.Debug|Any CPU.ActiveCfg = Debug|Any CPU
		{4427BAFD-94C9-4606-9519-EDFBEE32A5D1}.Debug|Any CPU.Build.0 = Debug|Any CPU
		{4427BAFD-94C9-4606-9519-EDFBEE32A5D1}.Release|Any CPU.ActiveCfg = Release|Any CPU
		{4427BAFD-94C9-4606-9519-EDFBEE32A5D1}.Release|Any CPU.Build.0 = Release|Any CPU
	EndGlobalSection
	GlobalSection(SolutionProperties) = preSolution
		HideSolutionNode = FALSE
	EndGlobalSection
	GlobalSection(ExtensibilityGlobals) = postSolution
		SolutionGuid = {08AB1371-FE9F-4BF0-8B00-51A4032846DA}
	EndGlobalSection
EndGlobal
